// !$*UTF8*$!
{
	archiveVersion = 1;
	classes = {
	};
	objectVersion = 46;
	objects = {

/* Begin PBXBuildFile section */
		669F51581B497D0300198D38 /* AppDelegate.swift in Sources */ = {isa = PBXBuildFile; fileRef = 669F51571B497D0300198D38 /* AppDelegate.swift */; };
		669F515A1B497D0300198D38 /* ViewController.swift in Sources */ = {isa = PBXBuildFile; fileRef = 669F51591B497D0300198D38 /* ViewController.swift */; };
		669F515D1B497D0300198D38 /* Main.storyboard in Resources */ = {isa = PBXBuildFile; fileRef = 669F515B1B497D0300198D38 /* Main.storyboard */; };
		669F515F1B497D0300198D38 /* Assets.xcassets in Resources */ = {isa = PBXBuildFile; fileRef = 669F515E1B497D0300198D38 /* Assets.xcassets */; };
		669F51621B497D0300198D38 /* LaunchScreen.storyboard in Resources */ = {isa = PBXBuildFile; fileRef = 669F51601B497D0300198D38 /* LaunchScreen.storyboard */; };
		669F516D1B497D0400198D38 /* What_s_the_WeatherTests.swift in Sources */ = {isa = PBXBuildFile; fileRef = 669F516C1B497D0400198D38 /* What_s_the_WeatherTests.swift */; };
		669F51781B497D0400198D38 /* What_s_the_WeatherUITests.swift in Sources */ = {isa = PBXBuildFile; fileRef = 669F51771B497D0400198D38 /* What_s_the_WeatherUITests.swift */; };
/* End PBXBuildFile section */

/* Begin PBXContainerItemProxy section */
		669F51691B497D0400198D38 /* PBXContainerItemProxy */ = {
			isa = PBXContainerItemProxy;
			containerPortal = 669F514C1B497D0300198D38 /* Project object */;
			proxyType = 1;
			remoteGlobalIDString = 669F51531B497D0300198D38;
			remoteInfo = "What's the Weather";
		};
		669F51741B497D0400198D38 /* PBXContainerItemProxy */ = {
			isa = PBXContainerItemProxy;
			containerPortal = 669F514C1B497D0300198D38 /* Project object */;
			proxyType = 1;
			remoteGlobalIDString = 669F51531B497D0300198D38;
			remoteInfo = "What's the Weather";
		};
/* End PBXContainerItemProxy section */

/* Begin PBXFileReference section */
		669F51541B497D0300198D38 /* What's the Weather.app */ = {isa = PBXFileReference; explicitFileType = wrapper.application; includeInIndex = 0; path = "What's the Weather.app"; sourceTree = BUILT_PRODUCTS_DIR; };
		669F51571B497D0300198D38 /* AppDelegate.swift */ = {isa = PBXFileReference; lastKnownFileType = sourcecode.swift; path = AppDelegate.swift; sourceTree = "<group>"; };
		669F51591B497D0300198D38 /* ViewController.swift */ = {isa = PBXFileReference; lastKnownFileType = sourcecode.swift; path = ViewController.swift; sourceTree = "<group>"; };
		669F515C1B497D0300198D38 /* Base */ = {isa = PBXFileReference; lastKnownFileType = file.storyboard; name = Base; path = Base.lproj/Main.storyboard; sourceTree = "<group>"; };
		669F515E1B497D0300198D38 /* Assets.xcassets */ = {isa = PBXFileReference; lastKnownFileType = folder.assetcatalog; path = Assets.xcassets; sourceTree = "<group>"; };
		669F51611B497D0300198D38 /* Base */ = {isa = PBXFileReference; lastKnownFileType = file.storyboard; name = Base; path = Base.lproj/LaunchScreen.storyboard; sourceTree = "<group>"; };
		669F51631B497D0300198D38 /* Info.plist */ = {isa = PBXFileReference; lastKnownFileType = text.plist.xml; path = Info.plist; sourceTree = "<group>"; };
		669F51681B497D0400198D38 /* What's the WeatherTests.xctest */ = {isa = PBXFileReference; explicitFileType = wrapper.cfbundle; includeInIndex = 0; path = "What's the WeatherTests.xctest"; sourceTree = BUILT_PRODUCTS_DIR; };
		669F516C1B497D0400198D38 /* What_s_the_WeatherTests.swift */ = {isa = PBXFileReference; lastKnownFileType = sourcecode.swift; path = What_s_the_WeatherTests.swift; sourceTree = "<group>"; };
		669F516E1B497D0400198D38 /* Info.plist */ = {isa = PBXFileReference; lastKnownFileType = text.plist.xml; path = Info.plist; sourceTree = "<group>"; };
		669F51731B497D0400198D38 /* What's the WeatherUITests.xctest */ = {isa = PBXFileReference; explicitFileType = wrapper.cfbundle; includeInIndex = 0; path = "What's the WeatherUITests.xctest"; sourceTree = BUILT_PRODUCTS_DIR; };
		669F51771B497D0400198D38 /* What_s_the_WeatherUITests.swift */ = {isa = PBXFileReference; lastKnownFileType = sourcecode.swift; path = What_s_the_WeatherUITests.swift; sourceTree = "<group>"; };
		669F51791B497D0400198D38 /* Info.plist */ = {isa = PBXFileReference; lastKnownFileType = text.plist.xml; path = Info.plist; sourceTree = "<group>"; };
/* End PBXFileReference section */

/* Begin PBXFrameworksBuildPhase section */
		669F51511B497D0300198D38 /* Frameworks */ = {
			isa = PBXFrameworksBuildPhase;
			buildActionMask = 2147483647;
			files = (
			);
			runOnlyForDeploymentPostprocessing = 0;
		};
		669F51651B497D0400198D38 /* Frameworks */ = {
			isa = PBXFrameworksBuildPhase;
			buildActionMask = 2147483647;
			files = (
			);
			runOnlyForDeploymentPostprocessing = 0;
		};
		669F51701B497D0400198D38 /* Frameworks */ = {
			isa = PBXFrameworksBuildPhase;
			buildActionMask = 2147483647;
			files = (
			);
			runOnlyForDeploymentPostprocessing = 0;
		};
/* End PBXFrameworksBuildPhase section */

/* Begin PBXGroup section */
		669F514B1B497D0300198D38 = {
			isa = PBXGroup;
			children = (
				669F51561B497D0300198D38 /* What's the Weather */,
				669F516B1B497D0400198D38 /* What's the WeatherTests */,
				669F51761B497D0400198D38 /* What's the WeatherUITests */,
				669F51551B497D0300198D38 /* Products */,
			);
			sourceTree = "<group>";
		};
		669F51551B497D0300198D38 /* Products */ = {
			isa = PBXGroup;
			children = (
				669F51541B497D0300198D38 /* What's the Weather.app */,
				669F51681B497D0400198D38 /* What's the WeatherTests.xctest */,
				669F51731B497D0400198D38 /* What's the WeatherUITests.xctest */,
			);
			name = Products;
			sourceTree = "<group>";
		};
		669F51561B497D0300198D38 /* What's the Weather */ = {
			isa = PBXGroup;
			children = (
				669F51571B497D0300198D38 /* AppDelegate.swift */,
				669F51591B497D0300198D38 /* ViewController.swift */,
				669F515B1B497D0300198D38 /* Main.storyboard */,
				669F515E1B497D0300198D38 /* Assets.xcassets */,
				669F51601B497D0300198D38 /* LaunchScreen.storyboard */,
				669F51631B497D0300198D38 /* Info.plist */,
			);
			path = "What's the Weather";
			sourceTree = "<group>";
		};
		669F516B1B497D0400198D38 /* What's the WeatherTests */ = {
			isa = PBXGroup;
			children = (
				669F516C1B497D0400198D38 /* What_s_the_WeatherTests.swift */,
				669F516E1B497D0400198D38 /* Info.plist */,
			);
			path = "What's the WeatherTests";
			sourceTree = "<group>";
		};
		669F51761B497D0400198D38 /* What's the WeatherUITests */ = {
			isa = PBXGroup;
			children = (
				669F51771B497D0400198D38 /* What_s_the_WeatherUITests.swift */,
				669F51791B497D0400198D38 /* Info.plist */,
			);
			path = "What's the WeatherUITests";
			sourceTree = "<group>";
		};
/* End PBXGroup section */

/* Begin PBXNativeTarget section */
		669F51531B497D0300198D38 /* What's the Weather */ = {
			isa = PBXNativeTarget;
			buildConfigurationList = 669F517C1B497D0400198D38 /* Build configuration list for PBXNativeTarget "What's the Weather" */;
			buildPhases = (
				669F51501B497D0300198D38 /* Sources */,
				669F51511B497D0300198D38 /* Frameworks */,
				669F51521B497D0300198D38 /* Resources */,
			);
			buildRules = (
			);
			dependencies = (
			);
			name = "What's the Weather";
			productName = "What's the Weather";
			productReference = 669F51541B497D0300198D38 /* What's the Weather.app */;
			productType = "com.apple.product-type.application";
		};
		669F51671B497D0400198D38 /* What's the WeatherTests */ = {
			isa = PBXNativeTarget;
			buildConfigurationList = 669F517F1B497D0400198D38 /* Build configuration list for PBXNativeTarget "What's the WeatherTests" */;
			buildPhases = (
				669F51641B497D0400198D38 /* Sources */,
				669F51651B497D0400198D38 /* Frameworks */,
				669F51661B497D0400198D38 /* Resources */,
			);
			buildRules = (
			);
			dependencies = (
				669F516A1B497D0400198D38 /* PBXTargetDependency */,
			);
			name = "What's the WeatherTests";
			productName = "What's the WeatherTests";
			productReference = 669F51681B497D0400198D38 /* What's the WeatherTests.xctest */;
			productType = "com.apple.product-type.bundle.unit-test";
		};
		669F51721B497D0400198D38 /* What's the WeatherUITests */ = {
			isa = PBXNativeTarget;
			buildConfigurationList = 669F51821B497D0400198D38 /* Build configuration list for PBXNativeTarget "What's the WeatherUITests" */;
			buildPhases = (
				669F516F1B497D0400198D38 /* Sources */,
				669F51701B497D0400198D38 /* Frameworks */,
				669F51711B497D0400198D38 /* Resources */,
			);
			buildRules = (
			);
			dependencies = (
				669F51751B497D0400198D38 /* PBXTargetDependency */,
			);
			name = "What's the WeatherUITests";
			productName = "What's the WeatherUITests";
			productReference = 669F51731B497D0400198D38 /* What's the WeatherUITests.xctest */;
			productType = "com.apple.product-type.bundle.ui-testing";
		};
/* End PBXNativeTarget section */

/* Begin PBXProject section */
		669F514C1B497D0300198D38 /* Project object */ = {
			isa = PBXProject;
			attributes = {
				LastUpgradeCheck = 0700;
				ORGANIZATIONNAME = "Shaowei Zhang";
				TargetAttributes = {
					669F51531B497D0300198D38 = {
						CreatedOnToolsVersion = 7.0;
					};
					669F51671B497D0400198D38 = {
						CreatedOnToolsVersion = 7.0;
						TestTargetID = 669F51531B497D0300198D38;
					};
					669F51721B497D0400198D38 = {
						CreatedOnToolsVersion = 7.0;
						TestTargetID = 669F51531B497D0300198D38;
					};
				};
			};
			buildConfigurationList = 669F514F1B497D0300198D38 /* Build configuration list for PBXProject "What's the Weather" */;
			compatibilityVersion = "Xcode 3.2";
			developmentRegion = English;
			hasScannedForEncodings = 0;
			knownRegions = (
				en,
				Base,
			);
			mainGroup = 669F514B1B497D0300198D38;
			productRefGroup = 669F51551B497D0300198D38 /* Products */;
			projectDirPath = "";
			projectRoot = "";
			targets = (
				669F51531B497D0300198D38 /* What's the Weather */,
				669F51671B497D0400198D38 /* What's the WeatherTests */,
				669F51721B497D0400198D38 /* What's the WeatherUITests */,
			);
		};
/* End PBXProject section */

/* Begin PBXResourcesBuildPhase section */
		669F51521B497D0300198D38 /* Resources */ = {
			isa = PBXResourcesBuildPhase;
			buildActionMask = 2147483647;
			files = (
				669F51621B497D0300198D38 /* LaunchScreen.storyboard in Resources */,
				669F515F1B497D0300198D38 /* Assets.xcassets in Resources */,
				669F515D1B497D0300198D38 /* Main.storyboard in Resources */,
			);
			runOnlyForDeploymentPostprocessing = 0;
		};
		669F51661B497D0400198D38 /* Resources */ = {
			isa = PBXResourcesBuildPhase;
			buildActionMask = 2147483647;
			files = (
			);
			runOnlyForDeploymentPostprocessing = 0;
		};
		669F51711B497D0400198D38 /* Resources */ = {
			isa = PBXResourcesBuildPhase;
			buildActionMask = 2147483647;
			files = (
			);
			runOnlyForDeploymentPostprocessing = 0;
		};
/* End PBXResourcesBuildPhase section */

/* Begin PBXSourcesBuildPhase section */
		669F51501B497D0300198D38 /* Sources */ = {
			isa = PBXSourcesBuildPhase;
			buildActionMask = 2147483647;
			files = (
				669F515A1B497D0300198D38 /* ViewController.swift in Sources */,
				669F51581B497D0300198D38 /* AppDelegate.swift in Sources */,
			);
			runOnlyForDeploymentPostprocessing = 0;
		};
		669F51641B497D0400198D38 /* Sources */ = {
			isa = PBXSourcesBuildPhase;
			buildActionMask = 2147483647;
			files = (
				669F516D1B497D0400198D38 /* What_s_the_WeatherTests.swift in Sources */,
			);
			runOnlyForDeploymentPostprocessing = 0;
		};
		669F516F1B497D0400198D38 /* Sources */ = {
			isa = PBXSourcesBuildPhase;
			buildActionMask = 2147483647;
			files = (
				669F51781B497D0400198D38 /* What_s_the_WeatherUITests.swift in Sources */,
			);
			runOnlyForDeploymentPostprocessing = 0;
		};
/* End PBXSourcesBuildPhase section */

/* Begin PBXTargetDependency section */
		669F516A1B497D0400198D38 /* PBXTargetDependency */ = {
			isa = PBXTargetDependency;
			target = 669F51531B497D0300198D38 /* What's the Weather */;
			targetProxy = 669F51691B497D0400198D38 /* PBXContainerItemProxy */;
		};
		669F51751B497D0400198D38 /* PBXTargetDependency */ = {
			isa = PBXTargetDependency;
			target = 669F51531B497D0300198D38 /* What's the Weather */;
			targetProxy = 669F51741B497D0400198D38 /* PBXContainerItemProxy */;
		};
/* End PBXTargetDependency section */

/* Begin PBXVariantGroup section */
		669F515B1B497D0300198D38 /* Main.storyboard */ = {
			isa = PBXVariantGroup;
			children = (
				669F515C1B497D0300198D38 /* Base */,
			);
			name = Main.storyboard;
			sourceTree = "<group>";
		};
		669F51601B497D0300198D38 /* LaunchScreen.storyboard */ = {
			isa = PBXVariantGroup;
			children = (
				669F51611B497D0300198D38 /* Base */,
			);
			name = LaunchScreen.storyboard;
			sourceTree = "<group>";
		};
/* End PBXVariantGroup section */

/* Begin XCBuildConfiguration section */
		669F517A1B497D0400198D38 /* Debug */ = {
			isa = XCBuildConfiguration;
			buildSettings = {
				ALWAYS_SEARCH_USER_PATHS = NO;
				CLANG_CXX_LANGUAGE_STANDARD = "gnu++0x";
				CLANG_CXX_LIBRARY = "libc++";
				CLANG_ENABLE_MODULES = YES;
				CLANG_ENABLE_OBJC_ARC = YES;
				CLANG_WARN_BOOL_CONVERSION = YES;
				CLANG_WARN_CONSTANT_CONVERSION = YES;
				CLANG_WARN_DIRECT_OBJC_ISA_USAGE = YES_ERROR;
				CLANG_WARN_EMPTY_BODY = YES;
				CLANG_WARN_ENUM_CONVERSION = YES;
				CLANG_WARN_INT_CONVERSION = YES;
				CLANG_WARN_OBJC_ROOT_CLASS = YES_ERROR;
				CLANG_WARN_UNREACHABLE_CODE = YES;
				CLANG_WARN__DUPLICATE_METHOD_MATCH = YES;
				"CODE_SIGN_IDENTITY[sdk=iphoneos*]" = "iPhone Developer";
				COPY_PHASE_STRIP = NO;
				DEBUG_INFORMATION_FORMAT = dwarf;
				ENABLE_STRICT_OBJC_MSGSEND = YES;
				ENABLE_TESTABILITY = YES;
				GCC_C_LANGUAGE_STANDARD = gnu99;
				GCC_DYNAMIC_NO_PIC = NO;
				GCC_NO_COMMON_BLOCKS = YES;
				GCC_OPTIMIZATION_LEVEL = 0;
				GCC_PREPROCESSOR_DEFINITIONS = (
					"DEBUG=1",
					"$(inherited)",
				);
				GCC_WARN_64_TO_32_BIT_CONVERSION = YES;
				GCC_WARN_ABOUT_RETURN_TYPE = YES_ERROR;
				GCC_WARN_UNDECLARED_SELECTOR = YES;
				GCC_WARN_UNINITIALIZED_AUTOS = YES_AGGRESSIVE;
				GCC_WARN_UNUSED_FUNCTION = YES;
				GCC_WARN_UNUSED_VARIABLE = YES;
				IPHONEOS_DEPLOYMENT_TARGET = 9.0;
				MTL_ENABLE_DEBUG_INFO = YES;
				ONLY_ACTIVE_ARCH = YES;
				SDKROOT = iphoneos;
				SWIFT_OPTIMIZATION_LEVEL = "-Onone";
			};
			name = Debug;
		};
		669F517B1B497D0400198D38 /* Release */ = {
			isa = XCBuildConfiguration;
			buildSettings = {
				ALWAYS_SEARCH_USER_PATHS = NO;
				CLANG_CXX_LANGUAGE_STANDARD = "gnu++0x";
				CLANG_CXX_LIBRARY = "libc++";
				CLANG_ENABLE_MODULES = YES;
				CLANG_ENABLE_OBJC_ARC = YES;
				CLANG_WARN_BOOL_CONVERSION = YES;
				CLANG_WARN_CONSTANT_CONVERSION = YES;
				CLANG_WARN_DIRECT_OBJC_ISA_USAGE = YES_ERROR;
				CLANG_WARN_EMPTY_BODY = YES;
				CLANG_WARN_ENUM_CONVERSION = YES;
				CLANG_WARN_INT_CONVERSION = YES;
				CLANG_WARN_OBJC_ROOT_CLASS = YES_ERROR;
				CLANG_WARN_UNREACHABLE_CODE = YES;
				CLANG_WARN__DUPLICATE_METHOD_MATCH = YES;
				"CODE_SIGN_IDENTITY[sdk=iphoneos*]" = "iPhone Developer";
				COPY_PHASE_STRIP = NO;
				DEBUG_INFORMATION_FORMAT = "dwarf-with-dsym";
				ENABLE_NS_ASSERTIONS = NO;
				ENABLE_STRICT_OBJC_MSGSEND = YES;
				GCC_C_LANGUAGE_STANDARD = gnu99;
				GCC_NO_COMMON_BLOCKS = YES;
				GCC_WARN_64_TO_32_BIT_CONVERSION = YES;
				GCC_WARN_ABOUT_RETURN_TYPE = YES_ERROR;
				GCC_WARN_UNDECLARED_SELECTOR = YES;
				GCC_WARN_UNINITIALIZED_AUTOS = YES_AGGRESSIVE;
				GCC_WARN_UNUSED_FUNCTION = YES;
				GCC_WARN_UNUSED_VARIABLE = YES;
				IPHONEOS_DEPLOYMENT_TARGET = 9.0;
				MTL_ENABLE_DEBUG_INFO = NO;
				SDKROOT = iphoneos;
				VALIDATE_PRODUCT = YES;
			};
			name = Release;
		};
		669F517D1B497D0400198D38 /* Debug */ = {
			isa = XCBuildConfiguration;
			buildSettings = {
				ASSETCATALOG_COMPILER_APPICON_NAME = AppIcon;
				INFOPLIST_FILE = "What's the Weather/Info.plist";
				LD_RUNPATH_SEARCH_PATHS = "$(inherited) @executable_path/Frameworks";
				PRODUCT_BUNDLE_IDENTIFIER = "shaoweizhang.com.What-s-the-Weather";
				PRODUCT_NAME = "$(TARGET_NAME)";
			};
			name = Debug;
		};
		669F517E1B497D0400198D38 /* Release */ = {
			isa = XCBuildConfiguration;
			buildSettings = {
				ASSETCATALOG_COMPILER_APPICON_NAME = AppIcon;
				INFOPLIST_FILE = "What's the Weather/Info.plist";
				LD_RUNPATH_SEARCH_PATHS = "$(inherited) @executable_path/Frameworks";
				PRODUCT_BUNDLE_IDENTIFIER = "shaoweizhang.com.What-s-the-Weather";
				PRODUCT_NAME = "$(TARGET_NAME)";
			};
			name = Release;
		};
		669F51801B497D0400198D38 /* Debug */ = {
			isa = XCBuildConfiguration;
			buildSettings = {
				BUNDLE_LOADER = "$(TEST_HOST)";
				INFOPLIST_FILE = "What's the WeatherTests/Info.plist";
				LD_RUNPATH_SEARCH_PATHS = "$(inherited) @executable_path/Frameworks @loader_path/Frameworks";
				PRODUCT_BUNDLE_IDENTIFIER = "shaoweizhang.com.What-s-the-WeatherTests";
				PRODUCT_NAME = "$(TARGET_NAME)";
				TEST_HOST = "$(BUILT_PRODUCTS_DIR)/What's the Weather.app/What's the Weather";
			};
			name = Debug;
		};
		669F51811B497D0400198D38 /* Release */ = {
			isa = XCBuildConfiguration;
			buildSettings = {
				BUNDLE_LOADER = "$(TEST_HOST)";
				INFOPLIST_FILE = "What's the WeatherTests/Info.plist";
				LD_RUNPATH_SEARCH_PATHS = "$(inherited) @executable_path/Frameworks @loader_path/Frameworks";
				PRODUCT_BUNDLE_IDENTIFIER = "shaoweizhang.com.What-s-the-WeatherTests";
				PRODUCT_NAME = "$(TARGET_NAME)";
				TEST_HOST = "$(BUILT_PRODUCTS_DIR)/What's the Weather.app/What's the Weather";
			};
			name = Release;
		};
		669F51831B497D0400198D38 /* Debug */ = {
			isa = XCBuildConfiguration;
			buildSettings = {
				INFOPLIST_FILE = "What's the WeatherUITests/Info.plist";
				LD_RUNPATH_SEARCH_PATHS = "$(inherited) @executable_path/Frameworks @loader_path/Frameworks";
				PRODUCT_BUNDLE_IDENTIFIER = "shaoweizhang.com.What-s-the-WeatherUITests";
				PRODUCT_NAME = "$(TARGET_NAME)";
				TEST_TARGET_NAME = "What's the Weather";
				USES_XCTRUNNER = YES;
			};
			name = Debug;
		};
		669F51841B497D0400198D38 /* Release */ = {
			isa = XCBuildConfiguration;
			buildSettings = {
				INFOPLIST_FILE = "What's the WeatherUITests/Info.plist";
				LD_RUNPATH_SEARCH_PATHS = "$(inherited) @executable_path/Frameworks @loader_path/Frameworks";
				PRODUCT_BUNDLE_IDENTIFIER = "shaoweizhang.com.What-s-the-WeatherUITests";
				PRODUCT_NAME = "$(TARGET_NAME)";
				TEST_TARGET_NAME = "What's the Weather";
				USES_XCTRUNNER = YES;
			};
			name = Release;
		};
/* End XCBuildConfiguration section */

/* Begin XCConfigurationList section */
		669F514F1B497D0300198D38 /* Build configuration list for PBXProject "What's the Weather" */ = {
			isa = XCConfigurationList;
			buildConfigurations = (
				669F517A1B497D0400198D38 /* Debug */,
				669F517B1B497D0400198D38 /* Release */,
			);
			defaultConfigurationIsVisible = 0;
			defaultConfigurationName = Release;
		};
		669F517C1B497D0400198D38 /* Build configuration list for PBXNativeTarget "What's the Weather" */ = {
			isa = XCConfigurationList;
			buildConfigurations = (
				669F517D1B497D0400198D38 /* Debug */,
				669F517E1B497D0400198D38 /* Release */,
			);
			defaultConfigurationIsVisible = 0;
		};
		669F517F1B497D0400198D38 /* Build configuration list for PBXNativeTarget "What's the WeatherTests" */ = {
			isa = XCConfigurationList;
			buildConfigurations = (
				669F51801B497D0400198D38 /* Debug */,
				669F51811B497D0400198D38 /* Release */,
			);
			defaultConfigurationIsVisible = 0;
		};
		669F51821B497D0400198D38 /* Build configuration list for PBXNativeTarget "What's the WeatherUITests" */ = {
			isa = XCConfigurationList;
			buildConfigurations = (
				669F51831B497D0400198D38 /* Debug */,
				669F51841B497D0400198D38 /* Release */,
			);
			defaultConfigurationIsVisible = 0;
		};
/* End XCConfigurationList section */
	};
	rootObject = 669F514C1B497D0300198D38 /* Project object */;
}
